
Microsoft Visual Studio Solution File, Format Version 12.00
# Visual Studio Version 17
VisualStudioVersion = 17.4.33213.308
MinimumVisualStudioVersion = 10.0.40219.1
Project("{FAE04EC0-301F-11D3-BF4B-00C04F79EFBC}") = "Darpana", "Darpana\Darpana.csproj", "{3A4CFFD0-35E3-4FF4-BAB8-171F05194175}"
EndProject
Global
	GlobalSection(SolutionConfigurationPlatforms) = preSolution
		Debug|Any CPU = Debug|Any CPU
		Release|Any CPU = Release|Any CPU
	EndGlobalSection
	GlobalSection(ProjectConfigurationPlatforms) = postSolution
		{3A4CFFD0-35E3-4FF4-BAB8-171F05194175}.Debug|Any CPU.ActiveCfg = Debug|Any CPU
		{3A4CFFD0-35E3-4FF4-BAB8-171F05194175}.Debug|Any CPU.Build.0 = Debug|Any CPU
		{3A4CFFD0-35E3-4FF4-BAB8-171F05194175}.Release|Any CPU.ActiveCfg = Release|Any CPU
		{3A4CFFD0-35E3-4FF4-BAB8-171F05194175}.Release|Any CPU.Build.0 = Release|Any CPU
	EndGlobalSection
	GlobalSection(SolutionProperties) = preSolution
		HideSolutionNode = FALSE
	EndGlobalSection
	GlobalSection(ExtensibilityGlobals) = postSolution
		SolutionGuid = {9A8F9316-D5E8-46E2-A7A6-D9F0FC2F1BE4}
	EndGlobalSection
EndGlobal
